
Microsoft Visual Studio Solution File, Format Version 12.00
# Visual Studio Version 16
VisualStudioVersion = 16.0.31729.503
MinimumVisualStudioVersion = 10.0.40219.1
Project("{9A19103F-16F7-4668-BE54-9A1E7A4F7556}") = "REICSolar", "REICSolar.csproj", "{6251AC4B-D5B3-45E0-91CA-ACD3587F137D}"
EndProject
Project("{FAE04EC0-301F-11D3-BF4B-00C04F79EFBC}") = "SolarTests", "..\SolarTests\SolarTests.csproj", "{019E652F-124A-460E-811E-958DE5430F58}"
EndProject
Global
	GlobalSection(SolutionConfigurationPlatforms) = preSolution
		Debug|Any CPU = Debug|Any CPU
		Release|Any CPU = Release|Any CPU
	EndGlobalSection
	GlobalSection(ProjectConfigurationPlatforms) = postSolution
		{6251AC4B-D5B3-45E0-91CA-ACD3587F137D}.Debug|Any CPU.ActiveCfg = Debug|Any CPU
		{6251AC4B-D5B3-45E0-91CA-ACD3587F137D}.Debug|Any CPU.Build.0 = Debug|Any CPU
		{6251AC4B-D5B3-45E0-91CA-ACD3587F137D}.Release|Any CPU.ActiveCfg = Release|Any CPU
		{6251AC4B-D5B3-45E0-91CA-ACD3587F137D}.Release|Any CPU.Build.0 = Release|Any CPU
		{019E652F-124A-460E-811E-958DE5430F58}.Debug|Any CPU.ActiveCfg = Debug|Any CPU
		{019E652F-124A-460E-811E-958DE5430F58}.Debug|Any CPU.Build.0 = Debug|Any CPU
		{019E652F-124A-460E-811E-958DE5430F58}.Release|Any CPU.ActiveCfg = Release|Any CPU
		{019E652F-124A-460E-811E-958DE5430F58}.Release|Any CPU.Build.0 = Release|Any CPU
	EndGlobalSection
	GlobalSection(SolutionProperties) = preSolution
		HideSolutionNode = FALSE
	EndGlobalSection
	GlobalSection(ExtensibilityGlobals) = postSolution
		SolutionGuid = {105EF7CF-D136-4582-869B-C35986F217BA}
	EndGlobalSection
EndGlobal
